
Microsoft Visual Studio Solution File, Format Version 12.00
# Visual Studio Version 17
VisualStudioVersion = 17.3.32804.467
MinimumVisualStudioVersion = 10.0.40219.1
Project("{FAE04EC0-301F-11D3-BF4B-00C04F79EFBC}") = "Creator3DModel", "Creator3DModel\Creator3DModel.csproj", "{B609CE02-7EE9-4EBB-8910-6A96272CB2ED}"
EndProject
Project("{FAE04EC0-301F-11D3-BF4B-00C04F79EFBC}") = "WpfTestHost", "WpfTestHost\WpfTestHost.csproj", "{898C55DF-7298-44CD-AADB-A7B498AD7E3F}"
EndProject
Project("{FAE04EC0-301F-11D3-BF4B-00C04F79EFBC}") = "CreatorHost", "CreatorHost\CreatorHost.csproj", "{B19D8F0F-3E64-468E-9EB7-9583EEB603A4}"
EndProject
Global
	GlobalSection(SolutionConfigurationPlatforms) = preSolution
		Debug|Any CPU = Debug|Any CPU
		Release|Any CPU = Release|Any CPU
	EndGlobalSection
	GlobalSection(ProjectConfigurationPlatforms) = postSolution
		{B609CE02-7EE9-4EBB-8910-6A96272CB2ED}.Debug|Any CPU.ActiveCfg = Debug|Any CPU
		{B609CE02-7EE9-4EBB-8910-6A96272CB2ED}.Debug|Any CPU.Build.0 = Debug|Any CPU
		{B609CE02-7EE9-4EBB-8910-6A96272CB2ED}.Release|Any CPU.ActiveCfg = Release|Any CPU
		{B609CE02-7EE9-4EBB-8910-6A96272CB2ED}.Release|Any CPU.Build.0 = Release|Any CPU
		{898C55DF-7298-44CD-AADB-A7B498AD7E3F}.Debug|Any CPU.ActiveCfg = Debug|Any CPU
		{898C55DF-7298-44CD-AADB-A7B498AD7E3F}.Debug|Any CPU.Build.0 = Debug|Any CPU
		{898C55DF-7298-44CD-AADB-A7B498AD7E3F}.Release|Any CPU.ActiveCfg = Release|Any CPU
		{898C55DF-7298-44CD-AADB-A7B498AD7E3F}.Release|Any CPU.Build.0 = Release|Any CPU
		{B19D8F0F-3E64-468E-9EB7-9583EEB603A4}.Debug|Any CPU.ActiveCfg = Debug|Any CPU
		{B19D8F0F-3E64-468E-9EB7-9583EEB603A4}.Debug|Any CPU.Build.0 = Debug|Any CPU
		{B19D8F0F-3E64-468E-9EB7-9583EEB603A4}.Release|Any CPU.ActiveCfg = Release|Any CPU
		{B19D8F0F-3E64-468E-9EB7-9583EEB603A4}.Release|Any CPU.Build.0 = Release|Any CPU
	EndGlobalSection
	GlobalSection(SolutionProperties) = preSolution
		HideSolutionNode = FALSE
	EndGlobalSection
	GlobalSection(ExtensibilityGlobals) = postSolution
		SolutionGuid = {69CFD618-3A5B-4EE3-B03C-BC03E86BAD50}
	EndGlobalSection
EndGlobal
